<?xml version="1.0" encoding="utf-8"?>
<Project ToolsVersion="4.0" xmlns="http://schemas.microsoft.com/developer/msbuild/2003">
  <ItemGroup>
    <Filter Include="リソース ファイル">
      <UniqueIdentifier>{67DA6AB6-F800-4c08-8B7A-83BB121AAD01}</UniqueIdentifier>
      <Extensions>rc;ico;cur;bmp;dlg;rc2;rct;bin;rgs;gif;jpg;jpeg;jpe;resx;tiff;tif;png;wav;mfcribbon-ms</Extensions>
    </Filter>
    <Filter Include="game">
      <UniqueIdentifier>{98b5593d-6477-4e95-a744-1da920628e7f}</UniqueIdentifier>
    </Filter>
    <Filter Include="CENTRAL">
      <UniqueIdentifier>{36db29f8-6e2b-4e47-8481-72443e31a469}</UniqueIdentifier>
    </Filter>
    <Filter Include="CENTRAL\SCENE">
      <UniqueIdentifier>{d70a99b0-80c1-4087-ba6a-dc5314f6fb23}</UniqueIdentifier>
    </Filter>
    <Filter Include="CENTRAL\TRANSITION">
      <UniqueIdentifier>{d4bbc4e4-c0ed-4926-9a09-f6c481868c37}</UniqueIdentifier>
    </Filter>
  </ItemGroup>
  <ItemGroup>
    <ResourceCompile Include="resource.rc">
      <Filter>リソース ファイル</Filter>
    </ResourceCompile>
  </ItemGroup>
  <ItemGroup>
    <None Include="cpp.hint">
      <Filter>リソース ファイル</Filter>
    </None>
  </ItemGroup>
  <ItemGroup>
    <ClCompile Include="gmain.cpp">
      <Filter>game</Filter>
    </ClCompile>
    <ClCompile Include="GAME_CENTRAL.cpp">
      <Filter>CENTRAL</Filter>
    </ClCompile>
    <ClCompile Include="TRANSITION.cpp">
      <Filter>CENTRAL\TRANSITION</Filter>
    </ClCompile>
  </ItemGroup>
  <ItemGroup>
    <ClInclude Include="GAME.h">
      <Filter>game</Filter>
    </ClInclude>
    <ClInclude Include="GAME_SCENE.h">
      <Filter>CENTRAL\SCENE</Filter>
    </ClInclude>
    <ClInclude Include="GAME_CENTRAL.h">
      <Filter>CENTRAL</Filter>
    </ClInclude>
    <ClInclude Include="TRANSITION.h">
      <Filter>CENTRAL\TRANSITION</Filter>
    </ClInclude>
    <ClInclude Include="TITLE.h">
      <Filter>CENTRAL\SCENE</Filter>
    </ClInclude>
  </ItemGroup>
</Project>